
Microsoft Visual Studio Solution File, Format Version 12.00
# Visual Studio Version 16
VisualStudioVersion = 16.0.31005.135
MinimumVisualStudioVersion = 10.0.40219.1
Project("{9A19103F-16F7-4668-BE54-9A1E7A4F7556}") = "agilesheel", "agilesheel\agilesheel.csproj", "{6AA86829-874C-45DD-9852-0133EDB24ADC}"
EndProject
Project("{9A19103F-16F7-4668-BE54-9A1E7A4F7556}") = "agilesheelTests1", "agilesheelTests1\agilesheelTests1.csproj", "{B5F69C5A-1B2B-4BA9-AFEF-556AB14232C5}"
EndProject
Project("{FAE04EC0-301F-11D3-BF4B-00C04F79EFBC}") = "agilesheel.AutomatedUITests", "agilesheel.AutomatedUITests\agilesheel.AutomatedUITests.csproj", "{6E65D8F4-03CA-4533-9590-86E1CFC1D5DB}"
EndProject
Global
	GlobalSection(SolutionConfigurationPlatforms) = preSolution
		Debug|Any CPU = Debug|Any CPU
		Release|Any CPU = Release|Any CPU
	EndGlobalSection
	GlobalSection(ProjectConfigurationPlatforms) = postSolution
		{6AA86829-874C-45DD-9852-0133EDB24ADC}.Debug|Any CPU.ActiveCfg = Debug|Any CPU
		{6AA86829-874C-45DD-9852-0133EDB24ADC}.Debug|Any CPU.Build.0 = Debug|Any CPU
		{6AA86829-874C-45DD-9852-0133EDB24ADC}.Release|Any CPU.ActiveCfg = Release|Any CPU
		{6AA86829-874C-45DD-9852-0133EDB24ADC}.Release|Any CPU.Build.0 = Release|Any CPU
		{B5F69C5A-1B2B-4BA9-AFEF-556AB14232C5}.Debug|Any CPU.ActiveCfg = Debug|Any CPU
		{B5F69C5A-1B2B-4BA9-AFEF-556AB14232C5}.Debug|Any CPU.Build.0 = Debug|Any CPU
		{B5F69C5A-1B2B-4BA9-AFEF-556AB14232C5}.Release|Any CPU.ActiveCfg = Release|Any CPU
		{B5F69C5A-1B2B-4BA9-AFEF-556AB14232C5}.Release|Any CPU.Build.0 = Release|Any CPU
		{6E65D8F4-03CA-4533-9590-86E1CFC1D5DB}.Debug|Any CPU.ActiveCfg = Debug|Any CPU
		{6E65D8F4-03CA-4533-9590-86E1CFC1D5DB}.Debug|Any CPU.Build.0 = Debug|Any CPU
		{6E65D8F4-03CA-4533-9590-86E1CFC1D5DB}.Release|Any CPU.ActiveCfg = Release|Any CPU
		{6E65D8F4-03CA-4533-9590-86E1CFC1D5DB}.Release|Any CPU.Build.0 = Release|Any CPU
	EndGlobalSection
	GlobalSection(SolutionProperties) = preSolution
		HideSolutionNode = FALSE
	EndGlobalSection
	GlobalSection(ExtensibilityGlobals) = postSolution
		SolutionGuid = {EC8488AC-7E13-43C5-8567-5B8CF90DCA50}
	EndGlobalSection
EndGlobal
